// !$*UTF8*$!
{
	archiveVersion = 1;
	classes = {
	};
	objectVersion = 46;
	objects = {
/* Begin PBXBuildFile section */
		0207DA581B56EA530066E2B4 /* Images.xcassets in Resources */ = {isa = PBXBuildFile; fileRef = 0207DA571B56EA530066E2B4 /* Images.xcassets */; };
		1D3623260D0F684500981E51 /* AppDelegate.m in Sources */ = {isa = PBXBuildFile; fileRef = 1D3623250D0F684500981E51 /* AppDelegate.m */; };
		1D60589B0D05DD56006BFB54 /* main.m in Sources */ = {isa = PBXBuildFile; fileRef = 29B97316FDCFA39411CA2CEA /* main.m */; };
		2640E703CD3C42EEA17803CC /* CDVLocation.m in Sources */ = {isa = PBXBuildFile; fileRef = E0BED54EB2BE4B9382FEDBEA /* CDVLocation.m */; };
		301BF552109A68D80062928A /* libCordova.a in Frameworks */ = {isa = PBXBuildFile; fileRef = 301BF535109A57CC0062928A /* libCordova.a */; };
		302D95F114D2391D003F00A1 /* MainViewController.m in Sources */ = {isa = PBXBuildFile; fileRef = 302D95EF14D2391D003F00A1 /* MainViewController.m */; };
		302D95F214D2391D003F00A1 /* MainViewController.xib in Resources */ = {isa = PBXBuildFile; fileRef = 302D95F014D2391D003F00A1 /* MainViewController.xib */; };
		33F1BCC69A97115052ACBE0F /* libPods-RTR.a in Frameworks */ = {isa = PBXBuildFile; fileRef = A3989A088B71CD0002084484 /* libPods-RTR.a */; };
		6AFF5BF91D6E424B00AB3073 /* CDVLaunchScreen.storyboard in Resources */ = {isa = PBXBuildFile; fileRef = 6AFF5BF81D6E424B00AB3073 /* CDVLaunchScreen.storyboard */; };
		7F44E5A81084438FA8EEDAE9 /* CoreLocation.framework in Frameworks */ = {isa = PBXBuildFile; fileRef = 36EE2580F187449B99FAC166 /* CoreLocation.framework */; };
		90177EEB90264CF48052A6FC /* CDVStatusBar.m in Sources */ = {isa = PBXBuildFile; fileRef = 96FAD508FE7E4DD9BB505F45 /* CDVStatusBar.m */; };
		9793955D200FA368009E7068 /* Launch.storyboard in Resources */ = {isa = PBXBuildFile; fileRef = 9793955C200FA368009E7068 /* Launch.storyboard */; };
		F088DDC65ACF4FDAB48D21CE /* AppDelegate+notification.m in Sources */ = {isa = PBXBuildFile; fileRef = 317B18E028B44DCDAD7310B8 /* AppDelegate+notification.m */; };
		03AE7D535D714EFC9535CB45 /* PushPlugin.m in Sources */ = {isa = PBXBuildFile; fileRef = 019FCB5EBCA54C5F9E5875F3 /* PushPlugin.m */; };
		8A6727FBFE874D24ADA5FB6A /* RequestLocationAccuracy.m in Sources */ = {isa = PBXBuildFile; fileRef = F64449B2FD8047A793788AFA /* RequestLocationAccuracy.m */; };
		3395334BEF994CD5A0AC99E8 /* GoogleMaps.bundle in Resources */ = {isa = PBXBuildFile; fileRef = F10AAEAF60E04A61A043F8CA /* GoogleMaps.bundle */; };
		1B1F5D00BFCA48A9A644527D /* Accelerate.framework in Frameworks */ = {isa = PBXBuildFile; fileRef = C740B5E031D74776B7241946 /* Accelerate.framework */; };
		B5B11B79705842C98896A54A /* CoreData.framework in Frameworks */ = {isa = PBXBuildFile; fileRef = 2C98BDCE5F6A453690978459 /* CoreData.framework */; };
		52594A0B1B7749E9B7A9BD3D /* CoreTelephony.framework in Frameworks */ = {isa = PBXBuildFile; fileRef = 3FAFBFFF4550406EAED41737 /* CoreTelephony.framework */; };
		1FAA89A1C803433EAEA662F5 /* CoreText.framework in Frameworks */ = {isa = PBXBuildFile; fileRef = 6BCA86818F2E417AA30A1B24 /* CoreText.framework */; };
		39766C6F58FA4D37A7F74C79 /* GLKit.framework in Frameworks */ = {isa = PBXBuildFile; fileRef = E69E65C633DB479787D75C9D /* GLKit.framework */; };
		426B4BA994284745A1BA3676 /* ImageIO.framework in Frameworks */ = {isa = PBXBuildFile; fileRef = 9A78FD58BE4C455A9C37B0B2 /* ImageIO.framework */; };
		55920874947942D1B19402DB /* libc++.tbd in Frameworks */ = {isa = PBXBuildFile; fileRef = 77712ECF29DA4AF8B681D96A /* libc++.tbd */; };
		B1B465949B84438FA9DA5128 /* libz.tbd in Frameworks */ = {isa = PBXBuildFile; fileRef = AD914D271CB74C28AAED6830 /* libz.tbd */; };
		97E1DB283E18488E808080A5 /* OpenGLES.framework in Frameworks */ = {isa = PBXBuildFile; fileRef = 25780585F81A4D1CADB9FC5C /* OpenGLES.framework */; };
		EAF2E5EF59C54E0D975477B6 /* QuartzCore.framework in Frameworks */ = {isa = PBXBuildFile; fileRef = CD2D44FA799A4AD1BDA80625 /* QuartzCore.framework */; };
		1EBEDEDA18C5421FA050F19D /* SystemConfiguration.framework in Frameworks */ = {isa = PBXBuildFile; fileRef = 0537FD1E798441659FFC83A0 /* SystemConfiguration.framework */; };
		D5C8989C922B453C9BECBDE8 /* UIKit.framework in Frameworks */ = {isa = PBXBuildFile; fileRef = A3389BF88D8F408BA35125BC /* UIKit.framework */; };
		0F28BDB54DA341F8B7E6B174 /* GoogleMapsBase.framework in Frameworks */ = {isa = PBXBuildFile; fileRef = 7C66F80E034645EBA5174C65 /* GoogleMapsBase.framework */; };
		7DFC4B6E08B14BA4B85E173F /* GoogleMaps.framework in Frameworks */ = {isa = PBXBuildFile; fileRef = B200E42D0E3A45DF90BC9A46 /* GoogleMaps.framework */; };
		209B771D752045E29A3406C3 /* GoogleMapsCore.framework in Frameworks */ = {isa = PBXBuildFile; fileRef = 9E9C311A4ECD472BB191E8F3 /* GoogleMapsCore.framework */; };
		F4BABB48628A4464ABA6D723 /* PluginObjects.m in Sources */ = {isa = PBXBuildFile; fileRef = 67046358BC464623B4930C71 /* PluginObjects.m */; };
		B18BB3D8D84D416A9A614D49 /* PluginCircle.m in Sources */ = {isa = PBXBuildFile; fileRef = 2055D8F3E47644939E8B4D1D /* PluginCircle.m */; };
		DA971AF258B74D93BE638961 /* PluginGeocoder.m in Sources */ = {isa = PBXBuildFile; fileRef = FD404215DB2C4E0890051B2A /* PluginGeocoder.m */; };
		3C9E88E05E534CC999083DAD /* PluginLocationService.m in Sources */ = {isa = PBXBuildFile; fileRef = 1947BACB275242D383B72FBB /* PluginLocationService.m */; };
		4403CBB08E2648A0B3935EB9 /* Environment.m in Sources */ = {isa = PBXBuildFile; fileRef = C2F6CB1711F946619652EBD7 /* Environment.m */; };
		63A9319E28D34082932FE368 /* CordovaGoogleMaps.m in Sources */ = {isa = PBXBuildFile; fileRef = 4F26F02E28EF42C7A0E73473 /* CordovaGoogleMaps.m */; };
		A338A73B27F048D1A4703520 /* GoogleMapsViewController.m in Sources */ = {isa = PBXBuildFile; fileRef = E2814F252B5F49C5AF531D9F /* GoogleMapsViewController.m */; };
		C555386465334BE0A31E3BFE /* PluginGroundOverlay.m in Sources */ = {isa = PBXBuildFile; fileRef = E5CB417DB4044A518655E23B /* PluginGroundOverlay.m */; };
		6ACE8BBD1ADF4452B99AD782 /* PluginKmlOverlay.m in Sources */ = {isa = PBXBuildFile; fileRef = 7BE09AAE15D544BDAC26164C /* PluginKmlOverlay.m */; };
		567F3C43CD334A6B92DC09AE /* PluginMap.m in Sources */ = {isa = PBXBuildFile; fileRef = F7A6BF6A59F74B1DB30AAE44 /* PluginMap.m */; };
		1CBC3E71B7654B5498EFB143 /* PluginMarker.m in Sources */ = {isa = PBXBuildFile; fileRef = 34D910A668644B40BEF825DB /* PluginMarker.m */; };
		7881E4BBF59B40FB804E69DA /* PluginUtil.m in Sources */ = {isa = PBXBuildFile; fileRef = 9FB46EECCE8641939C6CA07E /* PluginUtil.m */; };
		ECDD6AF281E144219D865655 /* PluginPolygon.m in Sources */ = {isa = PBXBuildFile; fileRef = 31673605FD414AC5BE057FB7 /* PluginPolygon.m */; };
		BA57DA62155E4753A5B909D2 /* PluginPolyline.m in Sources */ = {isa = PBXBuildFile; fileRef = 3CC164F0C6984F7AB22B9895 /* PluginPolyline.m */; };
		3C943A623A9348FAADDC9E14 /* PluginTileProvider.m in Sources */ = {isa = PBXBuildFile; fileRef = 86F825225A6D4AC58ADA7FC3 /* PluginTileProvider.m */; };
		D58E878B846B44D69CE78E46 /* TBXML.m in Sources */ = {isa = PBXBuildFile; fileRef = AB0B71DC0D064679A4C1DA08 /* TBXML.m */; };
		9CE20C92C70848AA875290F3 /* PluginTileOverlay.m in Sources */ = {isa = PBXBuildFile; fileRef = 0F786C821CF04FECAF97DF55 /* PluginTileOverlay.m */; };
		6664F3E29993400D9C2983D4 /* NSData+Base64.m in Sources */ = {isa = PBXBuildFile; fileRef = D6F4C71897CA4E63B70141CF /* NSData+Base64.m */; };
		0862AEE2D07F40CA909050A0 /* GMSCoordinateBounds+Geometry.m in Sources */ = {isa = PBXBuildFile; fileRef = A9BD5A5A24CD4DB99F3B392F /* GMSCoordinateBounds+Geometry.m */; };
		2D0370FF21D84047A07BE2D1 /* MyPluginLayer.m in Sources */ = {isa = PBXBuildFile; fileRef = EBB8CAA0EE5D4F849B973670 /* MyPluginLayer.m */; };
		27C97A96AD5F4263A23E3CAE /* MyPluginLayerDebugView.m in Sources */ = {isa = PBXBuildFile; fileRef = C1EF19B89C3A4EFA9AC27FE7 /* MyPluginLayerDebugView.m */; };
		149F82AC38BA475C8C17115F /* MyPluginScrollView.m in Sources */ = {isa = PBXBuildFile; fileRef = ED8D96FF7C7C4BC28FCD55A1 /* MyPluginScrollView.m */; };
		5916F0B26EBE4B298388940E /* PluginMarkerCluster.m in Sources */ = {isa = PBXBuildFile; fileRef = 97E5D4C89A7C4B328A514D41 /* PluginMarkerCluster.m */; };
		E2BFB1C6E21C4C3386884BAD /* UIImageCache.m in Sources */ = {isa = PBXBuildFile; fileRef = A20AC26BB3C046218F34FFB2 /* UIImageCache.m */; };
/* End PBXBuildFile section */

/* Begin PBXContainerItemProxy section */
		301BF534109A57CC0062928A /* PBXContainerItemProxy */ = {
			isa = PBXContainerItemProxy;
			containerPortal = 301BF52D109A57CC0062928A /* CordovaLib/CordovaLib.xcodeproj */;
			proxyType = 2;
			remoteGlobalIDString = D2AAC07E0554694100DB518D;
			remoteInfo = CordovaLib;
		};
		301BF550109A68C00062928A /* PBXContainerItemProxy */ = {
			isa = PBXContainerItemProxy;
			containerPortal = 301BF52D109A57CC0062928A /* CordovaLib/CordovaLib.xcodeproj */;
			proxyType = 1;
			remoteGlobalIDString = D2AAC07D0554694100DB518D;
			remoteInfo = CordovaLib;
		};
		9793955A200FA2BB009E7068 /* PBXContainerItemProxy */ = {
			isa = PBXContainerItemProxy;
			containerPortal = 301BF52D109A57CC0062928A /* CordovaLib/CordovaLib.xcodeproj */;
			proxyType = 2;
			remoteGlobalIDString = C0C01EB21E3911D50056E6CB;
			remoteInfo = Cordova;
		};
/* End PBXContainerItemProxy section */

/* Begin PBXFileReference section */
		0207DA571B56EA530066E2B4 /* Images.xcassets */ = {isa = PBXFileReference; lastKnownFileType = folder.assetcatalog; name = Images.xcassets; path = RTR/Images.xcassets; sourceTree = SOURCE_ROOT; };
		1D3623240D0F684500981E51 /* AppDelegate.h */ = {isa = PBXFileReference; fileEncoding = 4; lastKnownFileType = sourcecode.c.h; path = AppDelegate.h; sourceTree = "<group>"; };
		1D3623250D0F684500981E51 /* AppDelegate.m */ = {isa = PBXFileReference; fileEncoding = 4; lastKnownFileType = sourcecode.c.objc; path = AppDelegate.m; sourceTree = "<group>"; };
		1D6058910D05DD3D006BFB54 /* RTR.app */ = {isa = PBXFileReference; explicitFileType = wrapper.application; includeInIndex = 0; path = RTR.app; sourceTree = BUILT_PRODUCTS_DIR; };
		29B97316FDCFA39411CA2CEA /* main.m */ = {isa = PBXFileReference; fileEncoding = 4; lastKnownFileType = sourcecode.c.objc; path = main.m; sourceTree = "<group>"; };
		301BF52D109A57CC0062928A /* CordovaLib/CordovaLib.xcodeproj */ = {isa = PBXFileReference; lastKnownFileType = "wrapper.pb-project"; path = CordovaLib/CordovaLib.xcodeproj; sourceTree = "<group>"; };
		301BF56E109A69640062928A /* www */ = {isa = PBXFileReference; lastKnownFileType = folder; path = www; sourceTree = SOURCE_ROOT; };
		302D95EE14D2391D003F00A1 /* MainViewController.h */ = {isa = PBXFileReference; fileEncoding = 4; lastKnownFileType = sourcecode.c.h; path = MainViewController.h; sourceTree = "<group>"; };
		302D95EF14D2391D003F00A1 /* MainViewController.m */ = {isa = PBXFileReference; fileEncoding = 4; lastKnownFileType = sourcecode.c.objc; path = MainViewController.m; sourceTree = "<group>"; };
		302D95F014D2391D003F00A1 /* MainViewController.xib */ = {isa = PBXFileReference; fileEncoding = 4; lastKnownFileType = file.xib; path = MainViewController.xib; sourceTree = "<group>"; };
		3047A50F1AB8059700498E2A /* build-debug.xcconfig */ = {isa = PBXFileReference; fileEncoding = 4; lastKnownFileType = text.xcconfig; name = "build-debug.xcconfig"; path = "cordova/build-debug.xcconfig"; sourceTree = SOURCE_ROOT; };
		3047A5101AB8059700498E2A /* build-release.xcconfig */ = {isa = PBXFileReference; fileEncoding = 4; lastKnownFileType = text.xcconfig; name = "build-release.xcconfig"; path = "cordova/build-release.xcconfig"; sourceTree = SOURCE_ROOT; };
		3047A5111AB8059700498E2A /* build.xcconfig */ = {isa = PBXFileReference; fileEncoding = 4; lastKnownFileType = text.xcconfig; name = build.xcconfig; path = cordova/build.xcconfig; sourceTree = SOURCE_ROOT; };
		32CA4F630368D1EE00C91783 /* RTR-Prefix.pch */ = {isa = PBXFileReference; fileEncoding = 4; lastKnownFileType = sourcecode.c.h; path = "RTR-Prefix.pch"; sourceTree = "<group>"; };
		36EE2580F187449B99FAC166 /* CoreLocation.framework */ = {isa = PBXFileReference; explicitFileType = undefined; fileEncoding = 9; includeInIndex = 0; lastKnownFileType = wrapper.framework; name = CoreLocation.framework; path = System/Library/Frameworks/CoreLocation.framework; sourceTree = SDKROOT; };
		60F86C2E17354A7A89D9F3B1 /* CDVStatusBar.h */ = {isa = PBXFileReference; explicitFileType = undefined; fileEncoding = 4; includeInIndex = 0; lastKnownFileType = sourcecode.c.h; name = CDVStatusBar.h; path = "cordova-plugin-statusbar/CDVStatusBar.h"; sourceTree = "<group>"; };
		6AFF5BF81D6E424B00AB3073 /* CDVLaunchScreen.storyboard */ = {isa = PBXFileReference; fileEncoding = 4; lastKnownFileType = file.storyboard; name = CDVLaunchScreen.storyboard; path = RTR/CDVLaunchScreen.storyboard; sourceTree = SOURCE_ROOT; };
		76D6850B97C44F8EB5DDBDB5 /* CDVLocation.h */ = {isa = PBXFileReference; explicitFileType = undefined; fileEncoding = 4; includeInIndex = 0; lastKnownFileType = sourcecode.c.h; name = CDVLocation.h; path = "cordova-plugin-geolocation/CDVLocation.h"; sourceTree = "<group>"; };
		8D1107310486CEB800E47090 /* RTR-Info.plist */ = {isa = PBXFileReference; fileEncoding = 4; lastKnownFileType = text.plist.xml; name = "RTR-Info.plist"; path = "RTR/RTR-Info.plist"; plistStructureDefinitionIdentifier = "com.apple.xcode.plist.structure-definition.iphone.info-plist"; sourceTree = SOURCE_ROOT; };
		96FAD508FE7E4DD9BB505F45 /* CDVStatusBar.m */ = {isa = PBXFileReference; explicitFileType = undefined; fileEncoding = 4; includeInIndex = 0; lastKnownFileType = sourcecode.c.objc; name = CDVStatusBar.m; path = "cordova-plugin-statusbar/CDVStatusBar.m"; sourceTree = "<group>"; };
		9758CE04201774AE004769FE /* RTR.entitlements */ = {isa = PBXFileReference; lastKnownFileType = text.plist.entitlements; name = RTR.entitlements; path = RTR/RTR.entitlements; sourceTree = "<group>"; };
		9793955C200FA368009E7068 /* Launch.storyboard */ = {isa = PBXFileReference; lastKnownFileType = file.storyboard; path = Launch.storyboard; sourceTree = "<group>"; };
		A3989A088B71CD0002084484 /* libPods-RTR.a */ = {isa = PBXFileReference; explicitFileType = archive.ar; includeInIndex = 0; path = "libPods-RTR.a"; sourceTree = BUILT_PRODUCTS_DIR; };
		E0BED54EB2BE4B9382FEDBEA /* CDVLocation.m */ = {isa = PBXFileReference; explicitFileType = undefined; fileEncoding = 4; includeInIndex = 0; lastKnownFileType = sourcecode.c.objc; name = CDVLocation.m; path = "cordova-plugin-geolocation/CDVLocation.m"; sourceTree = "<group>"; };
		EB87FDF31871DA8E0020F90C /* www */ = {isa = PBXFileReference; lastKnownFileType = folder; name = www; path = ../../www; sourceTree = "<group>"; };
		EB87FDF41871DAF40020F90C /* config.xml */ = {isa = PBXFileReference; lastKnownFileType = text.xml; name = config.xml; path = ../../config.xml; sourceTree = "<group>"; };
		ED33DF2A687741AEAF9F8254 /* Bridging-Header.h */ = {isa = PBXFileReference; fileEncoding = 4; lastKnownFileType = sourcecode.c.h; path = "Bridging-Header.h"; sourceTree = "<group>"; };
		F840E1F0165FE0F500CFE078 /* config.xml */ = {isa = PBXFileReference; lastKnownFileType = text.xml; name = config.xml; path = RTR/config.xml; sourceTree = "<group>"; };
		A7125E6A4A084572897B1FB2 /* GoogleService-Info.plist */ = {isa = PBXFileReference; name = "GoogleService-Info.plist"; path = "res/GoogleService-Info.plist"; sourceTree = "<group>"; fileEncoding = 4; lastKnownFileType = text.plist.xml; explicitFileType = undefined; includeInIndex = 0; };
		D3297C9F17684613879ACCA8 /* GoogleService-Info.plist */ = {isa = PBXFileReference; name = "GoogleService-Info.plist"; path = "Resources/GoogleService-Info.plist"; sourceTree = "<group>"; fileEncoding = 4; lastKnownFileType = text.plist.xml; explicitFileType = undefined; includeInIndex = 0; };
		317B18E028B44DCDAD7310B8 /* AppDelegate+notification.m */ = {isa = PBXFileReference; name = "AppDelegate+notification.m"; path = "phonegap-plugin-push/AppDelegate+notification.m"; sourceTree = "<group>"; fileEncoding = 4; lastKnownFileType = sourcecode.c.objc; explicitFileType = undefined; includeInIndex = 0; };
		019FCB5EBCA54C5F9E5875F3 /* PushPlugin.m */ = {isa = PBXFileReference; name = "PushPlugin.m"; path = "phonegap-plugin-push/PushPlugin.m"; sourceTree = "<group>"; fileEncoding = 4; lastKnownFileType = sourcecode.c.objc; explicitFileType = undefined; includeInIndex = 0; };
		85B5BD3D276941CE9AFD508C /* AppDelegate+notification.h */ = {isa = PBXFileReference; name = "AppDelegate+notification.h"; path = "phonegap-plugin-push/AppDelegate+notification.h"; sourceTree = "<group>"; fileEncoding = 4; lastKnownFileType = sourcecode.c.h; explicitFileType = undefined; includeInIndex = 0; };
		BE3B3C9BD6144AA1BE8B94DD /* PushPlugin.h */ = {isa = PBXFileReference; name = "PushPlugin.h"; path = "phonegap-plugin-push/PushPlugin.h"; sourceTree = "<group>"; fileEncoding = 4; lastKnownFileType = sourcecode.c.h; explicitFileType = undefined; includeInIndex = 0; };
		F64449B2FD8047A793788AFA /* RequestLocationAccuracy.m */ = {isa = PBXFileReference; name = "RequestLocationAccuracy.m"; path = "cordova-plugin-request-location-accuracy/RequestLocationAccuracy.m"; sourceTree = "<group>"; fileEncoding = 4; lastKnownFileType = sourcecode.c.objc; explicitFileType = undefined; includeInIndex = 0; };
		9E1778134CB84EB1834485D9 /* RequestLocationAccuracy.h */ = {isa = PBXFileReference; name = "RequestLocationAccuracy.h"; path = "cordova-plugin-request-location-accuracy/RequestLocationAccuracy.h"; sourceTree = "<group>"; fileEncoding = 4; lastKnownFileType = sourcecode.c.h; explicitFileType = undefined; includeInIndex = 0; };
		F10AAEAF60E04A61A043F8CA /* GoogleMaps.bundle */ = {isa = PBXFileReference; name = "GoogleMaps.bundle"; path = "GoogleMaps.bundle"; sourceTree = "<group>"; fileEncoding = undefined; lastKnownFileType = wrapper.plug-in; explicitFileType = undefined; includeInIndex = 0; };
		C740B5E031D74776B7241946 /* Accelerate.framework */ = {isa = PBXFileReference; name = "Accelerate.framework"; path = "System/Library/Frameworks/Accelerate.framework"; sourceTree = SDKROOT; fileEncoding = undefined; lastKnownFileType = wrapper.framework; explicitFileType = undefined; includeInIndex = 0; };
		2C98BDCE5F6A453690978459 /* CoreData.framework */ = {isa = PBXFileReference; name = "CoreData.framework"; path = "System/Library/Frameworks/CoreData.framework"; sourceTree = SDKROOT; fileEncoding = undefined; lastKnownFileType = wrapper.framework; explicitFileType = undefined; includeInIndex = 0; };
		3FAFBFFF4550406EAED41737 /* CoreTelephony.framework */ = {isa = PBXFileReference; name = "CoreTelephony.framework"; path = "System/Library/Frameworks/CoreTelephony.framework"; sourceTree = SDKROOT; fileEncoding = undefined; lastKnownFileType = wrapper.framework; explicitFileType = undefined; includeInIndex = 0; };
		6BCA86818F2E417AA30A1B24 /* CoreText.framework */ = {isa = PBXFileReference; name = "CoreText.framework"; path = "System/Library/Frameworks/CoreText.framework"; sourceTree = SDKROOT; fileEncoding = undefined; lastKnownFileType = wrapper.framework; explicitFileType = undefined; includeInIndex = 0; };
		E69E65C633DB479787D75C9D /* GLKit.framework */ = {isa = PBXFileReference; name = "GLKit.framework"; path = "System/Library/Frameworks/GLKit.framework"; sourceTree = SDKROOT; fileEncoding = undefined; lastKnownFileType = wrapper.framework; explicitFileType = undefined; includeInIndex = 0; };
		9A78FD58BE4C455A9C37B0B2 /* ImageIO.framework */ = {isa = PBXFileReference; name = "ImageIO.framework"; path = "System/Library/Frameworks/ImageIO.framework"; sourceTree = SDKROOT; fileEncoding = undefined; lastKnownFileType = wrapper.framework; explicitFileType = undefined; includeInIndex = 0; };
		77712ECF29DA4AF8B681D96A /* libc++.tbd */ = {isa = PBXFileReference; name = "libc++.tbd"; path = "usr/lib/libc++.tbd"; sourceTree = SDKROOT; fileEncoding = undefined; lastKnownFileType = sourcecode.text-based-dylib-definition; explicitFileType = undefined; includeInIndex = 0; };
		AD914D271CB74C28AAED6830 /* libz.tbd */ = {isa = PBXFileReference; name = "libz.tbd"; path = "usr/lib/libz.tbd"; sourceTree = SDKROOT; fileEncoding = undefined; lastKnownFileType = sourcecode.text-based-dylib-definition; explicitFileType = undefined; includeInIndex = 0; };
		25780585F81A4D1CADB9FC5C /* OpenGLES.framework */ = {isa = PBXFileReference; name = "OpenGLES.framework"; path = "System/Library/Frameworks/OpenGLES.framework"; sourceTree = SDKROOT; fileEncoding = undefined; lastKnownFileType = wrapper.framework; explicitFileType = undefined; includeInIndex = 0; };
		CD2D44FA799A4AD1BDA80625 /* QuartzCore.framework */ = {isa = PBXFileReference; name = "QuartzCore.framework"; path = "System/Library/Frameworks/QuartzCore.framework"; sourceTree = SDKROOT; fileEncoding = undefined; lastKnownFileType = wrapper.framework; explicitFileType = undefined; includeInIndex = 0; };
		0537FD1E798441659FFC83A0 /* SystemConfiguration.framework */ = {isa = PBXFileReference; name = "SystemConfiguration.framework"; path = "System/Library/Frameworks/SystemConfiguration.framework"; sourceTree = SDKROOT; fileEncoding = undefined; lastKnownFileType = wrapper.framework; explicitFileType = undefined; includeInIndex = 0; };
		A3389BF88D8F408BA35125BC /* UIKit.framework */ = {isa = PBXFileReference; name = "UIKit.framework"; path = "System/Library/Frameworks/UIKit.framework"; sourceTree = SDKROOT; fileEncoding = undefined; lastKnownFileType = wrapper.framework; explicitFileType = undefined; includeInIndex = 0; };
		7C66F80E034645EBA5174C65 /* GoogleMapsBase.framework */ = {isa = PBXFileReference; name = "GoogleMapsBase.framework"; path = "RTR/Plugins/com.googlemaps.ios/GoogleMapsBase.framework"; sourceTree = "<group>"; fileEncoding = undefined; lastKnownFileType = wrapper.framework; explicitFileType = undefined; includeInIndex = 0; };
		B200E42D0E3A45DF90BC9A46 /* GoogleMaps.framework */ = {isa = PBXFileReference; name = "GoogleMaps.framework"; path = "RTR/Plugins/com.googlemaps.ios/GoogleMaps.framework"; sourceTree = "<group>"; fileEncoding = undefined; lastKnownFileType = wrapper.framework; explicitFileType = undefined; includeInIndex = 0; };
		9E9C311A4ECD472BB191E8F3 /* GoogleMapsCore.framework */ = {isa = PBXFileReference; name = "GoogleMapsCore.framework"; path = "RTR/Plugins/com.googlemaps.ios/GoogleMapsCore.framework"; sourceTree = "<group>"; fileEncoding = undefined; lastKnownFileType = wrapper.framework; explicitFileType = undefined; includeInIndex = 0; };
		67046358BC464623B4930C71 /* PluginObjects.m */ = {isa = PBXFileReference; name = "PluginObjects.m"; path = "cordova-plugin-googlemaps/PluginObjects.m"; sourceTree = "<group>"; fileEncoding = 4; lastKnownFileType = sourcecode.c.objc; explicitFileType = undefined; includeInIndex = 0; };
		2055D8F3E47644939E8B4D1D /* PluginCircle.m */ = {isa = PBXFileReference; name = "PluginCircle.m"; path = "cordova-plugin-googlemaps/PluginCircle.m"; sourceTree = "<group>"; fileEncoding = 4; lastKnownFileType = sourcecode.c.objc; explicitFileType = undefined; includeInIndex = 0; };
		FD404215DB2C4E0890051B2A /* PluginGeocoder.m */ = {isa = PBXFileReference; name = "PluginGeocoder.m"; path = "cordova-plugin-googlemaps/PluginGeocoder.m"; sourceTree = "<group>"; fileEncoding = 4; lastKnownFileType = sourcecode.c.objc; explicitFileType = undefined; includeInIndex = 0; };
		1947BACB275242D383B72FBB /* PluginLocationService.m */ = {isa = PBXFileReference; name = "PluginLocationService.m"; path = "cordova-plugin-googlemaps/PluginLocationService.m"; sourceTree = "<group>"; fileEncoding = 4; lastKnownFileType = sourcecode.c.objc; explicitFileType = undefined; includeInIndex = 0; };
		C2F6CB1711F946619652EBD7 /* Environment.m */ = {isa = PBXFileReference; name = "Environment.m"; path = "cordova-plugin-googlemaps/Environment.m"; sourceTree = "<group>"; fileEncoding = 4; lastKnownFileType = sourcecode.c.objc; explicitFileType = undefined; includeInIndex = 0; };
		4F26F02E28EF42C7A0E73473 /* CordovaGoogleMaps.m */ = {isa = PBXFileReference; name = "CordovaGoogleMaps.m"; path = "cordova-plugin-googlemaps/CordovaGoogleMaps.m"; sourceTree = "<group>"; fileEncoding = 4; lastKnownFileType = sourcecode.c.objc; explicitFileType = undefined; includeInIndex = 0; };
		E2814F252B5F49C5AF531D9F /* GoogleMapsViewController.m */ = {isa = PBXFileReference; name = "GoogleMapsViewController.m"; path = "cordova-plugin-googlemaps/GoogleMapsViewController.m"; sourceTree = "<group>"; fileEncoding = 4; lastKnownFileType = sourcecode.c.objc; explicitFileType = undefined; includeInIndex = 0; };
		E5CB417DB4044A518655E23B /* PluginGroundOverlay.m */ = {isa = PBXFileReference; name = "PluginGroundOverlay.m"; path = "cordova-plugin-googlemaps/PluginGroundOverlay.m"; sourceTree = "<group>"; fileEncoding = 4; lastKnownFileType = sourcecode.c.objc; explicitFileType = undefined; includeInIndex = 0; };
		7BE09AAE15D544BDAC26164C /* PluginKmlOverlay.m */ = {isa = PBXFileReference; name = "PluginKmlOverlay.m"; path = "cordova-plugin-googlemaps/PluginKmlOverlay.m"; sourceTree = "<group>"; fileEncoding = 4; lastKnownFileType = sourcecode.c.objc; explicitFileType = undefined; includeInIndex = 0; };
		F7A6BF6A59F74B1DB30AAE44 /* PluginMap.m */ = {isa = PBXFileReference; name = "PluginMap.m"; path = "cordova-plugin-googlemaps/PluginMap.m"; sourceTree = "<group>"; fileEncoding = 4; lastKnownFileType = sourcecode.c.objc; explicitFileType = undefined; includeInIndex = 0; };
		34D910A668644B40BEF825DB /* PluginMarker.m */ = {isa = PBXFileReference; name = "PluginMarker.m"; path = "cordova-plugin-googlemaps/PluginMarker.m"; sourceTree = "<group>"; fileEncoding = 4; lastKnownFileType = sourcecode.c.objc; explicitFileType = undefined; includeInIndex = 0; };
		9FB46EECCE8641939C6CA07E /* PluginUtil.m */ = {isa = PBXFileReference; name = "PluginUtil.m"; path = "cordova-plugin-googlemaps/PluginUtil.m"; sourceTree = "<group>"; fileEncoding = 4; lastKnownFileType = sourcecode.c.objc; explicitFileType = undefined; includeInIndex = 0; };
		31673605FD414AC5BE057FB7 /* PluginPolygon.m */ = {isa = PBXFileReference; name = "PluginPolygon.m"; path = "cordova-plugin-googlemaps/PluginPolygon.m"; sourceTree = "<group>"; fileEncoding = 4; lastKnownFileType = sourcecode.c.objc; explicitFileType = undefined; includeInIndex = 0; };
		3CC164F0C6984F7AB22B9895 /* PluginPolyline.m */ = {isa = PBXFileReference; name = "PluginPolyline.m"; path = "cordova-plugin-googlemaps/PluginPolyline.m"; sourceTree = "<group>"; fileEncoding = 4; lastKnownFileType = sourcecode.c.objc; explicitFileType = undefined; includeInIndex = 0; };
		86F825225A6D4AC58ADA7FC3 /* PluginTileProvider.m */ = {isa = PBXFileReference; name = "PluginTileProvider.m"; path = "cordova-plugin-googlemaps/PluginTileProvider.m"; sourceTree = "<group>"; fileEncoding = 4; lastKnownFileType = sourcecode.c.objc; explicitFileType = undefined; includeInIndex = 0; };
		AB0B71DC0D064679A4C1DA08 /* TBXML.m */ = {isa = PBXFileReference; name = "TBXML.m"; path = "cordova-plugin-googlemaps/TBXML.m"; sourceTree = "<group>"; fileEncoding = 4; lastKnownFileType = sourcecode.c.objc; explicitFileType = undefined; includeInIndex = 0; };
		0F786C821CF04FECAF97DF55 /* PluginTileOverlay.m */ = {isa = PBXFileReference; name = "PluginTileOverlay.m"; path = "cordova-plugin-googlemaps/PluginTileOverlay.m"; sourceTree = "<group>"; fileEncoding = 4; lastKnownFileType = sourcecode.c.objc; explicitFileType = undefined; includeInIndex = 0; };
		D6F4C71897CA4E63B70141CF /* NSData+Base64.m */ = {isa = PBXFileReference; name = "NSData+Base64.m"; path = "cordova-plugin-googlemaps/NSData+Base64.m"; sourceTree = "<group>"; fileEncoding = 4; lastKnownFileType = sourcecode.c.objc; explicitFileType = undefined; includeInIndex = 0; };
		A9BD5A5A24CD4DB99F3B392F /* GMSCoordinateBounds+Geometry.m */ = {isa = PBXFileReference; name = "GMSCoordinateBounds+Geometry.m"; path = "cordova-plugin-googlemaps/GMSCoordinateBounds+Geometry.m"; sourceTree = "<group>"; fileEncoding = 4; lastKnownFileType = sourcecode.c.objc; explicitFileType = undefined; includeInIndex = 0; };
		EBB8CAA0EE5D4F849B973670 /* MyPluginLayer.m */ = {isa = PBXFileReference; name = "MyPluginLayer.m"; path = "cordova-plugin-googlemaps/MyPluginLayer.m"; sourceTree = "<group>"; fileEncoding = 4; lastKnownFileType = sourcecode.c.objc; explicitFileType = undefined; includeInIndex = 0; };
		C1EF19B89C3A4EFA9AC27FE7 /* MyPluginLayerDebugView.m */ = {isa = PBXFileReference; name = "MyPluginLayerDebugView.m"; path = "cordova-plugin-googlemaps/MyPluginLayerDebugView.m"; sourceTree = "<group>"; fileEncoding = 4; lastKnownFileType = sourcecode.c.objc; explicitFileType = undefined; includeInIndex = 0; };
		ED8D96FF7C7C4BC28FCD55A1 /* MyPluginScrollView.m */ = {isa = PBXFileReference; name = "MyPluginScrollView.m"; path = "cordova-plugin-googlemaps/MyPluginScrollView.m"; sourceTree = "<group>"; fileEncoding = 4; lastKnownFileType = sourcecode.c.objc; explicitFileType = undefined; includeInIndex = 0; };
		97E5D4C89A7C4B328A514D41 /* PluginMarkerCluster.m */ = {isa = PBXFileReference; name = "PluginMarkerCluster.m"; path = "cordova-plugin-googlemaps/PluginMarkerCluster.m"; sourceTree = "<group>"; fileEncoding = 4; lastKnownFileType = sourcecode.c.objc; explicitFileType = undefined; includeInIndex = 0; };
		A20AC26BB3C046218F34FFB2 /* UIImageCache.m */ = {isa = PBXFileReference; name = "UIImageCache.m"; path = "cordova-plugin-googlemaps/UIImageCache.m"; sourceTree = "<group>"; fileEncoding = 4; lastKnownFileType = sourcecode.c.objc; explicitFileType = undefined; includeInIndex = 0; };
		2160B757934045E291F3330C /* PluginObjects.h */ = {isa = PBXFileReference; name = "PluginObjects.h"; path = "cordova-plugin-googlemaps/PluginObjects.h"; sourceTree = "<group>"; fileEncoding = 4; lastKnownFileType = sourcecode.c.h; explicitFileType = undefined; includeInIndex = 0; };
		109B3FBB299848089F38664B /* PluginCircle.h */ = {isa = PBXFileReference; name = "PluginCircle.h"; path = "cordova-plugin-googlemaps/PluginCircle.h"; sourceTree = "<group>"; fileEncoding = 4; lastKnownFileType = sourcecode.c.h; explicitFileType = undefined; includeInIndex = 0; };
		089750C81AA4427B9E49D408 /* PluginGeocoder.h */ = {isa = PBXFileReference; name = "PluginGeocoder.h"; path = "cordova-plugin-googlemaps/PluginGeocoder.h"; sourceTree = "<group>"; fileEncoding = 4; lastKnownFileType = sourcecode.c.h; explicitFileType = undefined; includeInIndex = 0; };
		8E288FD48F654B9B84D704B3 /* PluginLocationService.h */ = {isa = PBXFileReference; name = "PluginLocationService.h"; path = "cordova-plugin-googlemaps/PluginLocationService.h"; sourceTree = "<group>"; fileEncoding = 4; lastKnownFileType = sourcecode.c.h; explicitFileType = undefined; includeInIndex = 0; };
		975971F6F6E945779D6DD3B1 /* Environment.h */ = {isa = PBXFileReference; name = "Environment.h"; path = "cordova-plugin-googlemaps/Environment.h"; sourceTree = "<group>"; fileEncoding = 4; lastKnownFileType = sourcecode.c.h; explicitFileType = undefined; includeInIndex = 0; };
		6C0F9A9B9DB54DB5A583F01F /* CordovaGoogleMaps.h */ = {isa = PBXFileReference; name = "CordovaGoogleMaps.h"; path = "cordova-plugin-googlemaps/CordovaGoogleMaps.h"; sourceTree = "<group>"; fileEncoding = 4; lastKnownFileType = sourcecode.c.h; explicitFileType = undefined; includeInIndex = 0; };
		441E7B482C654793B3065198 /* GoogleMapsViewController.h */ = {isa = PBXFileReference; name = "GoogleMapsViewController.h"; path = "cordova-plugin-googlemaps/GoogleMapsViewController.h"; sourceTree = "<group>"; fileEncoding = 4; lastKnownFileType = sourcecode.c.h; explicitFileType = undefined; includeInIndex = 0; };
		3AAC430132C84F228168E331 /* PluginGroundOverlay.h */ = {isa = PBXFileReference; name = "PluginGroundOverlay.h"; path = "cordova-plugin-googlemaps/PluginGroundOverlay.h"; sourceTree = "<group>"; fileEncoding = 4; lastKnownFileType = sourcecode.c.h; explicitFileType = undefined; includeInIndex = 0; };
		4D1174F9E1BB413DAF18F23D /* PluginKmlOverlay.h */ = {isa = PBXFileReference; name = "PluginKmlOverlay.h"; path = "cordova-plugin-googlemaps/PluginKmlOverlay.h"; sourceTree = "<group>"; fileEncoding = 4; lastKnownFileType = sourcecode.c.h; explicitFileType = undefined; includeInIndex = 0; };
		2F72E00F687647C0857C3BDD /* PluginMap.h */ = {isa = PBXFileReference; name = "PluginMap.h"; path = "cordova-plugin-googlemaps/PluginMap.h"; sourceTree = "<group>"; fileEncoding = 4; lastKnownFileType = sourcecode.c.h; explicitFileType = undefined; includeInIndex = 0; };
		FFCD999EDF0940BA8C8CF947 /* PluginMarker.h */ = {isa = PBXFileReference; name = "PluginMarker.h"; path = "cordova-plugin-googlemaps/PluginMarker.h"; sourceTree = "<group>"; fileEncoding = 4; lastKnownFileType = sourcecode.c.h; explicitFileType = undefined; includeInIndex = 0; };
		6C26EF6BDF0D498DAC2B2366 /* MyPlgunProtocol.h */ = {isa = PBXFileReference; name = "MyPlgunProtocol.h"; path = "cordova-plugin-googlemaps/MyPlgunProtocol.h"; sourceTree = "<group>"; fileEncoding = 4; lastKnownFileType = sourcecode.c.h; explicitFileType = undefined; includeInIndex = 0; };
		92DD4340E22F4D9B99F8F1D7 /* PluginUtil.h */ = {isa = PBXFileReference; name = "PluginUtil.h"; path = "cordova-plugin-googlemaps/PluginUtil.h"; sourceTree = "<group>"; fileEncoding = 4; lastKnownFileType = sourcecode.c.h; explicitFileType = undefined; includeInIndex = 0; };
		D3BDBDB7E988470A8E0D6198 /* PluginPolygon.h */ = {isa = PBXFileReference; name = "PluginPolygon.h"; path = "cordova-plugin-googlemaps/PluginPolygon.h"; sourceTree = "<group>"; fileEncoding = 4; lastKnownFileType = sourcecode.c.h; explicitFileType = undefined; includeInIndex = 0; };
		EB04C75E633C4E019DC2B47E /* PluginPolyline.h */ = {isa = PBXFileReference; name = "PluginPolyline.h"; path = "cordova-plugin-googlemaps/PluginPolyline.h"; sourceTree = "<group>"; fileEncoding = 4; lastKnownFileType = sourcecode.c.h; explicitFileType = undefined; includeInIndex = 0; };
		1CA731CE2A4546ADBE22B886 /* PluginTileProvider.h */ = {isa = PBXFileReference; name = "PluginTileProvider.h"; path = "cordova-plugin-googlemaps/PluginTileProvider.h"; sourceTree = "<group>"; fileEncoding = 4; lastKnownFileType = sourcecode.c.h; explicitFileType = undefined; includeInIndex = 0; };
		68D100CE45DA4028BD0D09E6 /* TBXML.h */ = {isa = PBXFileReference; name = "TBXML.h"; path = "cordova-plugin-googlemaps/TBXML.h"; sourceTree = "<group>"; fileEncoding = 4; lastKnownFileType = sourcecode.c.h; explicitFileType = undefined; includeInIndex = 0; };
		826942B227FF47AABBEBD9CC /* PluginTileOverlay.h */ = {isa = PBXFileReference; name = "PluginTileOverlay.h"; path = "cordova-plugin-googlemaps/PluginTileOverlay.h"; sourceTree = "<group>"; fileEncoding = 4; lastKnownFileType = sourcecode.c.h; explicitFileType = undefined; includeInIndex = 0; };
		3B0CF19C21CF45989EFD1CA4 /* NSData+Base64.h */ = {isa = PBXFileReference; name = "NSData+Base64.h"; path = "cordova-plugin-googlemaps/NSData+Base64.h"; sourceTree = "<group>"; fileEncoding = 4; lastKnownFileType = sourcecode.c.h; explicitFileType = undefined; includeInIndex = 0; };
		84C0B18C3FA04F4FA9AFEC77 /* NSData+Base64.podspec */ = {isa = PBXFileReference; name = "NSData+Base64.podspec"; path = "cordova-plugin-googlemaps/NSData+Base64.podspec"; sourceTree = "<group>"; fileEncoding = undefined; lastKnownFileType = unknown; explicitFileType = undefined; includeInIndex = 0; };
		46F5D41E499040A8A4A9F89B /* GMSCoordinateBounds+Geometry.h */ = {isa = PBXFileReference; name = "GMSCoordinateBounds+Geometry.h"; path = "cordova-plugin-googlemaps/GMSCoordinateBounds+Geometry.h"; sourceTree = "<group>"; fileEncoding = 4; lastKnownFileType = sourcecode.c.h; explicitFileType = undefined; includeInIndex = 0; };
		82C17E1786E74BF1AED80260 /* MyPluginLayer.h */ = {isa = PBXFileReference; name = "MyPluginLayer.h"; path = "cordova-plugin-googlemaps/MyPluginLayer.h"; sourceTree = "<group>"; fileEncoding = 4; lastKnownFileType = sourcecode.c.h; explicitFileType = undefined; includeInIndex = 0; };
		06BF81AA10214717A58933D1 /* MyPluginLayerDebugView.h */ = {isa = PBXFileReference; name = "MyPluginLayerDebugView.h"; path = "cordova-plugin-googlemaps/MyPluginLayerDebugView.h"; sourceTree = "<group>"; fileEncoding = 4; lastKnownFileType = sourcecode.c.h; explicitFileType = undefined; includeInIndex = 0; };
		AAF47FB403354F23A8AFC6D0 /* MyPluginScrollView.h */ = {isa = PBXFileReference; name = "MyPluginScrollView.h"; path = "cordova-plugin-googlemaps/MyPluginScrollView.h"; sourceTree = "<group>"; fileEncoding = 4; lastKnownFileType = sourcecode.c.h; explicitFileType = undefined; includeInIndex = 0; };
		6D34599C0F7F4E328384E9FF /* PluginMarkerCluster.h */ = {isa = PBXFileReference; name = "PluginMarkerCluster.h"; path = "cordova-plugin-googlemaps/PluginMarkerCluster.h"; sourceTree = "<group>"; fileEncoding = 4; lastKnownFileType = sourcecode.c.h; explicitFileType = undefined; includeInIndex = 0; };
		FD3BB346E4BF4BCAB3A9926A /* UIImageCache.h */ = {isa = PBXFileReference; name = "UIImageCache.h"; path = "cordova-plugin-googlemaps/UIImageCache.h"; sourceTree = "<group>"; fileEncoding = 4; lastKnownFileType = sourcecode.c.h; explicitFileType = undefined; includeInIndex = 0; };
/* End PBXFileReference section */

/* Begin PBXFrameworksBuildPhase section */
		1D60588F0D05DD3D006BFB54 /* Frameworks */ = {
			isa = PBXFrameworksBuildPhase;
			buildActionMask = 2147483647;
			files = (
				301BF552109A68D80062928A /* libCordova.a in Frameworks */,
				7F44E5A81084438FA8EEDAE9 /* CoreLocation.framework in Frameworks */,
				33F1BCC69A97115052ACBE0F /* libPods-RTR.a in Frameworks */,
				1B1F5D00BFCA48A9A644527D /* Accelerate.framework in Frameworks */,
				B5B11B79705842C98896A54A /* CoreData.framework in Frameworks */,
				52594A0B1B7749E9B7A9BD3D /* CoreTelephony.framework in Frameworks */,
				1FAA89A1C803433EAEA662F5 /* CoreText.framework in Frameworks */,
				39766C6F58FA4D37A7F74C79 /* GLKit.framework in Frameworks */,
				426B4BA994284745A1BA3676 /* ImageIO.framework in Frameworks */,
				55920874947942D1B19402DB /* libc++.tbd in Frameworks */,
				B1B465949B84438FA9DA5128 /* libz.tbd in Frameworks */,
				97E1DB283E18488E808080A5 /* OpenGLES.framework in Frameworks */,
				EAF2E5EF59C54E0D975477B6 /* QuartzCore.framework in Frameworks */,
				1EBEDEDA18C5421FA050F19D /* SystemConfiguration.framework in Frameworks */,
				D5C8989C922B453C9BECBDE8 /* UIKit.framework in Frameworks */,
				0F28BDB54DA341F8B7E6B174 /* GoogleMapsBase.framework in Frameworks */,
				7DFC4B6E08B14BA4B85E173F /* GoogleMaps.framework in Frameworks */,
				209B771D752045E29A3406C3 /* GoogleMapsCore.framework in Frameworks */,
			);
			runOnlyForDeploymentPostprocessing = 0;
		};
/* End PBXFrameworksBuildPhase section */

/* Begin PBXGroup section */
		080E96DDFE201D6D7F000001 /* Classes */ = {
			isa = PBXGroup;
			children = (
				302D95EE14D2391D003F00A1 /* MainViewController.h */,
				302D95EF14D2391D003F00A1 /* MainViewController.m */,
				302D95F014D2391D003F00A1 /* MainViewController.xib */,
				9793955C200FA368009E7068 /* Launch.storyboard */,
				1D3623240D0F684500981E51 /* AppDelegate.h */,
				1D3623250D0F684500981E51 /* AppDelegate.m */,
			);
			name = Classes;
			path = RTR/Classes;
			sourceTree = SOURCE_ROOT;
		};
		19C28FACFE9D520D11CA2CBB /* Products */ = {
			isa = PBXGroup;
			children = (
				1D6058910D05DD3D006BFB54 /* RTR.app */,
			);
			name = Products;
			sourceTree = "<group>";
		};
		29B97314FDCFA39411CA2CEA /* CustomTemplate */ = {
			isa = PBXGroup;
			children = (
				9758CE04201774AE004769FE /* RTR.entitlements */,
				EB87FDF41871DAF40020F90C /* config.xml */,
				EB87FDF31871DA8E0020F90C /* www */,
				EB87FDF11871DA420020F90C /* Staging */,
				301BF52D109A57CC0062928A /* CordovaLib/CordovaLib.xcodeproj */,
				080E96DDFE201D6D7F000001 /* Classes */,
				307C750510C5A3420062BCA9 /* Plugins */,
				29B97315FDCFA39411CA2CEA /* Other Sources */,
				29B97317FDCFA39411CA2CEA /* Resources */,
				29B97323FDCFA39411CA2CEA /* Frameworks */,
				19C28FACFE9D520D11CA2CBB /* Products */,
				9DEB6E688C585A478E763B66 /* Pods */,
			);
			name = CustomTemplate;
			sourceTree = "<group>";
		};
		29B97315FDCFA39411CA2CEA /* Other Sources */ = {
			isa = PBXGroup;
			children = (
				32CA4F630368D1EE00C91783 /* RTR-Prefix.pch */,
				29B97316FDCFA39411CA2CEA /* main.m */,
				ED33DF2A687741AEAF9F8254 /* Bridging-Header.h */,
			);
			name = "Other Sources";
			path = RTR;
			sourceTree = "<group>";
		};
		29B97317FDCFA39411CA2CEA /* Resources */ = {
			isa = PBXGroup;
			children = (
				0207DA571B56EA530066E2B4 /* Images.xcassets */,
				3047A50E1AB8057F00498E2A /* config */,
				8D1107310486CEB800E47090 /* RTR-Info.plist */,
				6AFF5BF81D6E424B00AB3073 /* CDVLaunchScreen.storyboard */,
				A7125E6A4A084572897B1FB2 /* GoogleService-Info.plist */,
				D3297C9F17684613879ACCA8 /* GoogleService-Info.plist */,
				F10AAEAF60E04A61A043F8CA /* GoogleMaps.bundle */,
			);
			name = Resources;
			path = RTR/Resources;
			sourceTree = "<group>";
		};
		29B97323FDCFA39411CA2CEA /* Frameworks */ = {
			isa = PBXGroup;
			children = (
				36EE2580F187449B99FAC166 /* CoreLocation.framework */,
				A3989A088B71CD0002084484 /* libPods-RTR.a */,
				C740B5E031D74776B7241946 /* Accelerate.framework */,
				2C98BDCE5F6A453690978459 /* CoreData.framework */,
				3FAFBFFF4550406EAED41737 /* CoreTelephony.framework */,
				6BCA86818F2E417AA30A1B24 /* CoreText.framework */,
				E69E65C633DB479787D75C9D /* GLKit.framework */,
				9A78FD58BE4C455A9C37B0B2 /* ImageIO.framework */,
				77712ECF29DA4AF8B681D96A /* libc++.tbd */,
				AD914D271CB74C28AAED6830 /* libz.tbd */,
				25780585F81A4D1CADB9FC5C /* OpenGLES.framework */,
				CD2D44FA799A4AD1BDA80625 /* QuartzCore.framework */,
				0537FD1E798441659FFC83A0 /* SystemConfiguration.framework */,
				A3389BF88D8F408BA35125BC /* UIKit.framework */,
				7C66F80E034645EBA5174C65 /* GoogleMapsBase.framework */,
				B200E42D0E3A45DF90BC9A46 /* GoogleMaps.framework */,
				9E9C311A4ECD472BB191E8F3 /* GoogleMapsCore.framework */,
			);
			name = Frameworks;
			sourceTree = "<group>";
		};
		301BF52E109A57CC0062928A /* Products */ = {
			isa = PBXGroup;
			children = (
				301BF535109A57CC0062928A /* libCordova.a */,
				9793955B200FA2BB009E7068 /* Cordova.framework */,
			);
			name = Products;
			sourceTree = "<group>";
		};
		3047A50E1AB8057F00498E2A /* config */ = {
			isa = PBXGroup;
			children = (
				3047A50F1AB8059700498E2A /* build-debug.xcconfig */,
				3047A5101AB8059700498E2A /* build-release.xcconfig */,
				3047A5111AB8059700498E2A /* build.xcconfig */,
			);
			name = config;
			sourceTree = "<group>";
		};
		307C750510C5A3420062BCA9 /* Plugins */ = {
			isa = PBXGroup;
			children = (
				96FAD508FE7E4DD9BB505F45 /* CDVStatusBar.m */,
				60F86C2E17354A7A89D9F3B1 /* CDVStatusBar.h */,
				E0BED54EB2BE4B9382FEDBEA /* CDVLocation.m */,
				76D6850B97C44F8EB5DDBDB5 /* CDVLocation.h */,
				317B18E028B44DCDAD7310B8 /* AppDelegate+notification.m */,
				019FCB5EBCA54C5F9E5875F3 /* PushPlugin.m */,
				85B5BD3D276941CE9AFD508C /* AppDelegate+notification.h */,
				BE3B3C9BD6144AA1BE8B94DD /* PushPlugin.h */,
				F64449B2FD8047A793788AFA /* RequestLocationAccuracy.m */,
				9E1778134CB84EB1834485D9 /* RequestLocationAccuracy.h */,
				67046358BC464623B4930C71 /* PluginObjects.m */,
				2055D8F3E47644939E8B4D1D /* PluginCircle.m */,
				FD404215DB2C4E0890051B2A /* PluginGeocoder.m */,
				1947BACB275242D383B72FBB /* PluginLocationService.m */,
				C2F6CB1711F946619652EBD7 /* Environment.m */,
				4F26F02E28EF42C7A0E73473 /* CordovaGoogleMaps.m */,
				E2814F252B5F49C5AF531D9F /* GoogleMapsViewController.m */,
				E5CB417DB4044A518655E23B /* PluginGroundOverlay.m */,
				7BE09AAE15D544BDAC26164C /* PluginKmlOverlay.m */,
				F7A6BF6A59F74B1DB30AAE44 /* PluginMap.m */,
				34D910A668644B40BEF825DB /* PluginMarker.m */,
				9FB46EECCE8641939C6CA07E /* PluginUtil.m */,
				31673605FD414AC5BE057FB7 /* PluginPolygon.m */,
				3CC164F0C6984F7AB22B9895 /* PluginPolyline.m */,
				86F825225A6D4AC58ADA7FC3 /* PluginTileProvider.m */,
				AB0B71DC0D064679A4C1DA08 /* TBXML.m */,
				0F786C821CF04FECAF97DF55 /* PluginTileOverlay.m */,
				D6F4C71897CA4E63B70141CF /* NSData+Base64.m */,
				A9BD5A5A24CD4DB99F3B392F /* GMSCoordinateBounds+Geometry.m */,
				EBB8CAA0EE5D4F849B973670 /* MyPluginLayer.m */,
				C1EF19B89C3A4EFA9AC27FE7 /* MyPluginLayerDebugView.m */,
				ED8D96FF7C7C4BC28FCD55A1 /* MyPluginScrollView.m */,
				97E5D4C89A7C4B328A514D41 /* PluginMarkerCluster.m */,
				A20AC26BB3C046218F34FFB2 /* UIImageCache.m */,
				2160B757934045E291F3330C /* PluginObjects.h */,
				109B3FBB299848089F38664B /* PluginCircle.h */,
				089750C81AA4427B9E49D408 /* PluginGeocoder.h */,
				8E288FD48F654B9B84D704B3 /* PluginLocationService.h */,
				975971F6F6E945779D6DD3B1 /* Environment.h */,
				6C0F9A9B9DB54DB5A583F01F /* CordovaGoogleMaps.h */,
				441E7B482C654793B3065198 /* GoogleMapsViewController.h */,
				3AAC430132C84F228168E331 /* PluginGroundOverlay.h */,
				4D1174F9E1BB413DAF18F23D /* PluginKmlOverlay.h */,
				2F72E00F687647C0857C3BDD /* PluginMap.h */,
				FFCD999EDF0940BA8C8CF947 /* PluginMarker.h */,
				6C26EF6BDF0D498DAC2B2366 /* MyPlgunProtocol.h */,
				92DD4340E22F4D9B99F8F1D7 /* PluginUtil.h */,
				D3BDBDB7E988470A8E0D6198 /* PluginPolygon.h */,
				EB04C75E633C4E019DC2B47E /* PluginPolyline.h */,
				1CA731CE2A4546ADBE22B886 /* PluginTileProvider.h */,
				68D100CE45DA4028BD0D09E6 /* TBXML.h */,
				826942B227FF47AABBEBD9CC /* PluginTileOverlay.h */,
				3B0CF19C21CF45989EFD1CA4 /* NSData+Base64.h */,
				84C0B18C3FA04F4FA9AFEC77 /* NSData+Base64.podspec */,
				46F5D41E499040A8A4A9F89B /* GMSCoordinateBounds+Geometry.h */,
				82C17E1786E74BF1AED80260 /* MyPluginLayer.h */,
				06BF81AA10214717A58933D1 /* MyPluginLayerDebugView.h */,
				AAF47FB403354F23A8AFC6D0 /* MyPluginScrollView.h */,
				6D34599C0F7F4E328384E9FF /* PluginMarkerCluster.h */,
				FD3BB346E4BF4BCAB3A9926A /* UIImageCache.h */,
			);
			name = Plugins;
			path = RTR/Plugins;
			sourceTree = SOURCE_ROOT;
		};
		9DEB6E688C585A478E763B66 /* Pods */ = {
			isa = PBXGroup;
			children = (
			);
			name = Pods;
			sourceTree = "<group>";
		};
		EB87FDF11871DA420020F90C /* Staging */ = {
			isa = PBXGroup;
			children = (
				F840E1F0165FE0F500CFE078 /* config.xml */,
				301BF56E109A69640062928A /* www */,
			);
			name = Staging;
			sourceTree = "<group>";
		};
/* End PBXGroup section */

/* Begin PBXNativeTarget section */
		1D6058900D05DD3D006BFB54 /* RTR */ = {
			isa = PBXNativeTarget;
			buildConfigurationList = 1D6058960D05DD3E006BFB54 /* Build configuration list for PBXNativeTarget "RTR" */;
			buildPhases = (
				764E3148AF698D8E16C604FC /* [CP] Check Pods Manifest.lock */,
				304B58A110DAC018002A0835 /* Copy www directory */,
				1D60588D0D05DD3D006BFB54 /* Resources */,
				1D60588E0D05DD3D006BFB54 /* Sources */,
				1D60588F0D05DD3D006BFB54 /* Frameworks */,
				FA3963A61F3D740304820E00 /* [CP] Embed Pods Frameworks */,
				83596D2CE4B8C2067A52AC28 /* [CP] Copy Pods Resources */,
			);
			buildRules = (
			);
			dependencies = (
				301BF551109A68C00062928A /* PBXTargetDependency */,
			);
			name = RTR;
			productName = RTR;
			productReference = 1D6058910D05DD3D006BFB54 /* RTR.app */;
			productType = "com.apple.product-type.application";
		};
/* End PBXNativeTarget section */

/* Begin PBXProject section */
		29B97313FDCFA39411CA2CEA /* Project object */ = {
			isa = PBXProject;
			attributes = {
				LastUpgradeCheck = 510;
				TargetAttributes = {
					1D6058900D05DD3D006BFB54 = {
						DevelopmentTeam = U2GCDMVV7S;
						SystemCapabilities = {
							com.apple.Push = {
								enabled = 1;
							};
						};
					};
				};
			};
			buildConfigurationList = C01FCF4E08A954540054247B /* Build configuration list for PBXProject "RTR" */;
			compatibilityVersion = "Xcode 3.2";
			developmentRegion = English;
			hasScannedForEncodings = 1;
			knownRegions = (
				en,
			);
			mainGroup = 29B97314FDCFA39411CA2CEA /* CustomTemplate */;
			productRefGroup = 19C28FACFE9D520D11CA2CBB /* Products */;
			projectDirPath = "";
			projectReferences = (
				{
					ProductGroup = 301BF52E109A57CC0062928A /* Products */;
					ProjectRef = 301BF52D109A57CC0062928A /* CordovaLib/CordovaLib.xcodeproj */;
				},
			);
			projectRoot = "";
			targets = (
				1D6058900D05DD3D006BFB54 /* RTR */,
			);
		};
/* End PBXProject section */

/* Begin PBXReferenceProxy section */
		301BF535109A57CC0062928A /* libCordova.a */ = {
			isa = PBXReferenceProxy;
			fileType = archive.ar;
			path = libCordova.a;
			remoteRef = 301BF534109A57CC0062928A /* PBXContainerItemProxy */;
			sourceTree = BUILT_PRODUCTS_DIR;
		};
		9793955B200FA2BB009E7068 /* Cordova.framework */ = {
			isa = PBXReferenceProxy;
			fileType = wrapper.framework;
			path = Cordova.framework;
			remoteRef = 9793955A200FA2BB009E7068 /* PBXContainerItemProxy */;
			sourceTree = BUILT_PRODUCTS_DIR;
		};
/* End PBXReferenceProxy section */

/* Begin PBXResourcesBuildPhase section */
		1D60588D0D05DD3D006BFB54 /* Resources */ = {
			isa = PBXResourcesBuildPhase;
			buildActionMask = 2147483647;
			files = (
				302D95F214D2391D003F00A1 /* MainViewController.xib in Resources */,
				9793955D200FA368009E7068 /* Launch.storyboard in Resources */,
				0207DA581B56EA530066E2B4 /* Images.xcassets in Resources */,
				6AFF5BF91D6E424B00AB3073 /* CDVLaunchScreen.storyboard in Resources */,
				EA4511CB962143BEB65E8E9F /* GoogleService-Info.plist in Resources */,
				FF3D9C02B9BB41D7B9B0476C /* GoogleService-Info.plist in Resources */,
				3395334BEF994CD5A0AC99E8 /* GoogleMaps.bundle in Resources */,
			);
			runOnlyForDeploymentPostprocessing = 0;
		};
/* End PBXResourcesBuildPhase section */

/* Begin PBXShellScriptBuildPhase section */
		304B58A110DAC018002A0835 /* Copy www directory */ = {
			isa = PBXShellScriptBuildPhase;
			buildActionMask = 2147483647;
			files = (
			);
			inputPaths = (
			);
			name = "Copy www directory";
			outputPaths = (
			);
			runOnlyForDeploymentPostprocessing = 0;
			shellPath = /bin/sh;
			shellScript = "NODEJS_PATH=/usr/local/bin; NVM_NODE_PATH=~/.nvm/versions/node/`nvm version 2>/dev/null`/bin; N_NODE_PATH=`find /usr/local/n/versions/node/* -maxdepth 0 -type d 2>/dev/null | tail -1`/bin; XCODE_NODE_PATH=`xcode-select --print-path`/usr/share/xcs/Node/bin; PATH=$NODEJS_PATH:$NVM_NODE_PATH:$N_NODE_PATH:$XCODE_NODE_PATH:$PATH && node cordova/lib/copy-www-build-step.js";
			showEnvVarsInLog = 0;
		};
		764E3148AF698D8E16C604FC /* [CP] Check Pods Manifest.lock */ = {
			isa = PBXShellScriptBuildPhase;
			buildActionMask = 2147483647;
			files = (
			);
			inputPaths = (
				"${PODS_PODFILE_DIR_PATH}/Podfile.lock",
				"${PODS_ROOT}/Manifest.lock",
			);
			name = "[CP] Check Pods Manifest.lock";
			outputPaths = (
				"$(DERIVED_FILE_DIR)/Pods-RTR-checkManifestLockResult.txt",
			);
			runOnlyForDeploymentPostprocessing = 0;
			shellPath = /bin/sh;
			shellScript = "diff \"${PODS_PODFILE_DIR_PATH}/Podfile.lock\" \"${PODS_ROOT}/Manifest.lock\" > /dev/null\nif [ $? != 0 ] ; then\n    # print error to STDERR\n    echo \"error: The sandbox is not in sync with the Podfile.lock. Run 'pod install' or update your CocoaPods installation.\" >&2\n    exit 1\nfi\n# This output is used by Xcode 'outputs' to avoid re-running this script phase.\necho \"SUCCESS\" > \"${SCRIPT_OUTPUT_FILE_0}\"\n";
			showEnvVarsInLog = 0;
		};
		83596D2CE4B8C2067A52AC28 /* [CP] Copy Pods Resources */ = {
			isa = PBXShellScriptBuildPhase;
			buildActionMask = 2147483647;
			files = (
			);
			inputPaths = (
			);
			name = "[CP] Copy Pods Resources";
			outputPaths = (
			);
			runOnlyForDeploymentPostprocessing = 0;
			shellPath = /bin/sh;
			shellScript = "\"${SRCROOT}/Pods/Target Support Files/Pods-RTR/Pods-RTR-resources.sh\"\n";
			showEnvVarsInLog = 0;
		};
		FA3963A61F3D740304820E00 /* [CP] Embed Pods Frameworks */ = {
			isa = PBXShellScriptBuildPhase;
			buildActionMask = 2147483647;
			files = (
			);
			inputPaths = (
			);
			name = "[CP] Embed Pods Frameworks";
			outputPaths = (
			);
			runOnlyForDeploymentPostprocessing = 0;
			shellPath = /bin/sh;
			shellScript = "\"${SRCROOT}/Pods/Target Support Files/Pods-RTR/Pods-RTR-frameworks.sh\"\n";
			showEnvVarsInLog = 0;
		};
/* End PBXShellScriptBuildPhase section */

/* Begin PBXSourcesBuildPhase section */
		1D60588E0D05DD3D006BFB54 /* Sources */ = {
			isa = PBXSourcesBuildPhase;
			buildActionMask = 2147483647;
			files = (
				1D60589B0D05DD56006BFB54 /* main.m in Sources */,
				1D3623260D0F684500981E51 /* AppDelegate.m in Sources */,
				302D95F114D2391D003F00A1 /* MainViewController.m in Sources */,
				90177EEB90264CF48052A6FC /* CDVStatusBar.m in Sources */,
				2640E703CD3C42EEA17803CC /* CDVLocation.m in Sources */,
				F088DDC65ACF4FDAB48D21CE /* AppDelegate+notification.m in Sources */,
				03AE7D535D714EFC9535CB45 /* PushPlugin.m in Sources */,
				8A6727FBFE874D24ADA5FB6A /* RequestLocationAccuracy.m in Sources */,
				F4BABB48628A4464ABA6D723 /* PluginObjects.m in Sources */,
				B18BB3D8D84D416A9A614D49 /* PluginCircle.m in Sources */,
				DA971AF258B74D93BE638961 /* PluginGeocoder.m in Sources */,
				3C9E88E05E534CC999083DAD /* PluginLocationService.m in Sources */,
				4403CBB08E2648A0B3935EB9 /* Environment.m in Sources */,
				63A9319E28D34082932FE368 /* CordovaGoogleMaps.m in Sources */,
				A338A73B27F048D1A4703520 /* GoogleMapsViewController.m in Sources */,
				C555386465334BE0A31E3BFE /* PluginGroundOverlay.m in Sources */,
				6ACE8BBD1ADF4452B99AD782 /* PluginKmlOverlay.m in Sources */,
				567F3C43CD334A6B92DC09AE /* PluginMap.m in Sources */,
				1CBC3E71B7654B5498EFB143 /* PluginMarker.m in Sources */,
				7881E4BBF59B40FB804E69DA /* PluginUtil.m in Sources */,
				ECDD6AF281E144219D865655 /* PluginPolygon.m in Sources */,
				BA57DA62155E4753A5B909D2 /* PluginPolyline.m in Sources */,
				3C943A623A9348FAADDC9E14 /* PluginTileProvider.m in Sources */,
				D58E878B846B44D69CE78E46 /* TBXML.m in Sources */,
				9CE20C92C70848AA875290F3 /* PluginTileOverlay.m in Sources */,
				6664F3E29993400D9C2983D4 /* NSData+Base64.m in Sources */,
				0862AEE2D07F40CA909050A0 /* GMSCoordinateBounds+Geometry.m in Sources */,
				2D0370FF21D84047A07BE2D1 /* MyPluginLayer.m in Sources */,
				27C97A96AD5F4263A23E3CAE /* MyPluginLayerDebugView.m in Sources */,
				149F82AC38BA475C8C17115F /* MyPluginScrollView.m in Sources */,
				5916F0B26EBE4B298388940E /* PluginMarkerCluster.m in Sources */,
				E2BFB1C6E21C4C3386884BAD /* UIImageCache.m in Sources */,
			);
			runOnlyForDeploymentPostprocessing = 0;
		};
/* End PBXSourcesBuildPhase section */

/* Begin PBXTargetDependency section */
		301BF551109A68C00062928A /* PBXTargetDependency */ = {
			isa = PBXTargetDependency;
			name = CordovaLib;
			targetProxy = 301BF550109A68C00062928A /* PBXContainerItemProxy */;
		};
/* End PBXTargetDependency section */

/* Begin XCBuildConfiguration section */
		1D6058940D05DD3E006BFB54 /* Debug */ = {
			isa = XCBuildConfiguration;
			baseConfigurationReference = 3047A50F1AB8059700498E2A /* build-debug.xcconfig */;
			buildSettings = {
				ALWAYS_SEARCH_USER_PATHS = NO;
				ASSETCATALOG_COMPILER_APPICON_NAME = AppIcon;
				CLANG_ENABLE_MODULES = YES;
				CLANG_ENABLE_OBJC_ARC = YES;
				CODE_SIGN_ENTITLEMENTS = RTR/RTR.entitlements;
				COPY_PHASE_STRIP = NO;
				DEVELOPMENT_TEAM = U2GCDMVV7S;
				FRAMEWORK_SEARCH_PATHS = (
					"$(inherited)",
					"\"RTR/Plugins/com.googlemaps.ios\"",
					"\"RTR/Plugins/com.googlemaps.ios\"",
					"\"RTR/Plugins/com.googlemaps.ios\"",
					"\"RTR/Plugins/cordova-plugin-fcm\"",
					"\"RTR/Plugins/cordova-plugin-fcm\"",
					"\"RTR/Plugins/cordova-plugin-fcm\"",
					"\"RTR/Plugins/cordova-plugin-fcm\"",
					"\"RTR/Plugins/cordova-plugin-fcm\"",
					"\"RTR/Plugins/cordova-plugin-fcm\"",
					"\"RTR/Plugins/cordova-plugin-fcm\"",
					"\"RTR/Plugins/cordova-plugin-fcm\"",
					"\"RTR/Plugins/cordova-plugin-fcm\"",
					"\"RTR/Plugins/cordova-plugin-fcm\"",
					"\"RTR/Plugins/cordova-plugin-fcm\"",
					"\"RTR/Plugins/cordova-plugin-fcm\"",
					"\"RTR/Plugins/cordova-plugin-fcm\"",
					"\"RTR/Plugins/cordova-plugin-fcm\"",
					"\"RTR/Plugins/cordova-plugin-fcm\"",
					"\"RTR/Plugins/cordova-plugin-fcm\"",
					"\"RTR/Plugins/cordova-plugin-fcm\"",
					"\"RTR/Plugins/cordova-plugin-fcm\"",
					"\"RTR/Plugins/cordova-plugin-fcm\"",
					"\"RTR/Plugins/cordova-plugin-fcm\"",
					"\"RTR/Plugins/cordova-plugin-fcm\"",
					"\"RTR/Plugins/cordova-plugin-fcm\"",
					"\"RTR/Plugins/cordova-plugin-fcm\"",
					"\"RTR/Plugins/cordova-plugin-fcm\"",
					"\"RTR/Plugins/com.googlemaps.ios\"",
					"\"RTR/Plugins/com.googlemaps.ios\"",
					"\"RTR/Plugins/com.googlemaps.ios\"",
				);
				GCC_DYNAMIC_NO_PIC = NO;
				GCC_OPTIMIZATION_LEVEL = 0;
				GCC_PRECOMPILE_PREFIX_HEADER = YES;
				GCC_PREFIX_HEADER = "RTR/RTR-Prefix.pch";
				GCC_THUMB_SUPPORT = NO;
				GCC_VERSION = "";
				INFOPLIST_FILE = "RTR/RTR-Info.plist";
				IPHONEOS_DEPLOYMENT_TARGET = 9.0;
				LD_RUNPATH_SEARCH_PATHS = "@executable_path/Frameworks";
				PRODUCT_NAME = RTR;
				TARGETED_DEVICE_FAMILY = "1,2";
			};
			name = Debug;
		};
		1D6058950D05DD3E006BFB54 /* Release */ = {
			isa = XCBuildConfiguration;
			baseConfigurationReference = 3047A5101AB8059700498E2A /* build-release.xcconfig */;
			buildSettings = {
				ALWAYS_SEARCH_USER_PATHS = NO;
				ASSETCATALOG_COMPILER_APPICON_NAME = AppIcon;
				CLANG_ENABLE_MODULES = YES;
				CLANG_ENABLE_OBJC_ARC = YES;
				CODE_SIGN_ENTITLEMENTS = RTR/RTR.entitlements;
				COPY_PHASE_STRIP = YES;
				DEVELOPMENT_TEAM = U2GCDMVV7S;
				FRAMEWORK_SEARCH_PATHS = (
					"$(inherited)",
					"\"RTR/Plugins/com.googlemaps.ios\"",
					"\"RTR/Plugins/com.googlemaps.ios\"",
					"\"RTR/Plugins/com.googlemaps.ios\"",
					"\"RTR/Plugins/cordova-plugin-fcm\"",
					"\"RTR/Plugins/cordova-plugin-fcm\"",
					"\"RTR/Plugins/cordova-plugin-fcm\"",
					"\"RTR/Plugins/cordova-plugin-fcm\"",
					"\"RTR/Plugins/cordova-plugin-fcm\"",
					"\"RTR/Plugins/cordova-plugin-fcm\"",
					"\"RTR/Plugins/cordova-plugin-fcm\"",
					"\"RTR/Plugins/cordova-plugin-fcm\"",
					"\"RTR/Plugins/cordova-plugin-fcm\"",
					"\"RTR/Plugins/cordova-plugin-fcm\"",
					"\"RTR/Plugins/cordova-plugin-fcm\"",
					"\"RTR/Plugins/cordova-plugin-fcm\"",
					"\"RTR/Plugins/cordova-plugin-fcm\"",
					"\"RTR/Plugins/cordova-plugin-fcm\"",
					"\"RTR/Plugins/cordova-plugin-fcm\"",
					"\"RTR/Plugins/cordova-plugin-fcm\"",
					"\"RTR/Plugins/cordova-plugin-fcm\"",
					"\"RTR/Plugins/cordova-plugin-fcm\"",
					"\"RTR/Plugins/cordova-plugin-fcm\"",
					"\"RTR/Plugins/cordova-plugin-fcm\"",
					"\"RTR/Plugins/cordova-plugin-fcm\"",
					"\"RTR/Plugins/cordova-plugin-fcm\"",
					"\"RTR/Plugins/cordova-plugin-fcm\"",
					"\"RTR/Plugins/cordova-plugin-fcm\"",
					"\"RTR/Plugins/com.googlemaps.ios\"",
					"\"RTR/Plugins/com.googlemaps.ios\"",
					"\"RTR/Plugins/com.googlemaps.ios\"",
				);
				GCC_PRECOMPILE_PREFIX_HEADER = YES;
				GCC_PREFIX_HEADER = "RTR/RTR-Prefix.pch";
				GCC_THUMB_SUPPORT = NO;
				GCC_VERSION = "";
				INFOPLIST_FILE = "RTR/RTR-Info.plist";
				IPHONEOS_DEPLOYMENT_TARGET = 9.0;
				LD_RUNPATH_SEARCH_PATHS = "@executable_path/Frameworks";
				PRODUCT_NAME = RTR;
				TARGETED_DEVICE_FAMILY = "1,2";
			};
			name = Release;
		};
		C01FCF4F08A954540054247B /* Debug */ = {
			isa = XCBuildConfiguration;
			baseConfigurationReference = 3047A5111AB8059700498E2A /* build.xcconfig */;
			buildSettings = {
				CLANG_ENABLE_MODULES = YES;
				CLANG_ENABLE_OBJC_ARC = YES;
				CLANG_WARN_BOOL_CONVERSION = YES;
				CLANG_WARN_CONSTANT_CONVERSION = YES;
				CLANG_WARN_EMPTY_BODY = YES;
				CLANG_WARN_ENUM_CONVERSION = YES;
				CLANG_WARN_INT_CONVERSION = YES;
				CLANG_WARN__DUPLICATE_METHOD_MATCH = YES;
				GCC_C_LANGUAGE_STANDARD = c99;
				GCC_THUMB_SUPPORT = NO;
				GCC_VERSION = "";
				GCC_WARN_ABOUT_RETURN_TYPE = YES;
				GCC_WARN_UNDECLARED_SELECTOR = YES;
				GCC_WARN_UNINITIALIZED_AUTOS = YES;
				GCC_WARN_UNUSED_FUNCTION = YES;
				GCC_WARN_UNUSED_VARIABLE = YES;
				ONLY_ACTIVE_ARCH = YES;
				SDKROOT = iphoneos;
				SKIP_INSTALL = NO;
			};
			name = Debug;
		};
		C01FCF5008A954540054247B /* Release */ = {
			isa = XCBuildConfiguration;
			baseConfigurationReference = 3047A5111AB8059700498E2A /* build.xcconfig */;
			buildSettings = {
				CLANG_ENABLE_MODULES = YES;
				CLANG_ENABLE_OBJC_ARC = YES;
				CLANG_WARN_BOOL_CONVERSION = YES;
				CLANG_WARN_CONSTANT_CONVERSION = YES;
				CLANG_WARN_EMPTY_BODY = YES;
				CLANG_WARN_ENUM_CONVERSION = YES;
				CLANG_WARN_INT_CONVERSION = YES;
				CLANG_WARN__DUPLICATE_METHOD_MATCH = YES;
				GCC_C_LANGUAGE_STANDARD = c99;
				GCC_THUMB_SUPPORT = NO;
				GCC_VERSION = "";
				GCC_WARN_ABOUT_RETURN_TYPE = YES;
				GCC_WARN_UNDECLARED_SELECTOR = YES;
				GCC_WARN_UNINITIALIZED_AUTOS = YES;
				GCC_WARN_UNUSED_FUNCTION = YES;
				GCC_WARN_UNUSED_VARIABLE = YES;
				SDKROOT = iphoneos;
				SKIP_INSTALL = NO;
			};
			name = Release;
		};
/* End XCBuildConfiguration section */

/* Begin XCConfigurationList section */
		1D6058960D05DD3E006BFB54 /* Build configuration list for PBXNativeTarget "RTR" */ = {
			isa = XCConfigurationList;
			buildConfigurations = (
				1D6058940D05DD3E006BFB54 /* Debug */,
				1D6058950D05DD3E006BFB54 /* Release */,
			);
			defaultConfigurationIsVisible = 0;
			defaultConfigurationName = Release;
		};
		C01FCF4E08A954540054247B /* Build configuration list for PBXProject "RTR" */ = {
			isa = XCConfigurationList;
			buildConfigurations = (
				C01FCF4F08A954540054247B /* Debug */,
				C01FCF5008A954540054247B /* Release */,
			);
			defaultConfigurationIsVisible = 0;
			defaultConfigurationName = Release;
		};
/* End XCConfigurationList section */
	};
	rootObject = 29B97313FDCFA39411CA2CEA /* Project object */;
}
